// !$*UTF8*$!
{
	archiveVersion = 1;
	classes = {
	};
	objectVersion = 55;
	objects = {

/* Begin PBXBuildFile section */
		371D6B952744EDBD00C2EA67 /* RecipeListTableViewCell.swift in Sources */ = {isa = PBXBuildFile; fileRef = 371D6B942744EDBD00C2EA67 /* RecipeListTableViewCell.swift */; };
		371D6B972744F96600C2EA67 /* FontManager.swift in Sources */ = {isa = PBXBuildFile; fileRef = 371D6B962744F96600C2EA67 /* FontManager.swift */; };
		3741A8802746047A00AA6EC2 /* Recipe.swift in Sources */ = {isa = PBXBuildFile; fileRef = 3741A87F2746047A00AA6EC2 /* Recipe.swift */; };
		3741A882274607FE00AA6EC2 /* ColorManager.swift in Sources */ = {isa = PBXBuildFile; fileRef = 3741A881274607FE00AA6EC2 /* ColorManager.swift */; };
		37CC173D2739598700C70E9F /* AppDelegate.swift in Sources */ = {isa = PBXBuildFile; fileRef = 37CC173C2739598700C70E9F /* AppDelegate.swift */; };
		37CC173F2739598800C70E9F /* SceneDelegate.swift in Sources */ = {isa = PBXBuildFile; fileRef = 37CC173E2739598800C70E9F /* SceneDelegate.swift */; };
		37CC17442739598800C70E9F /* Main.storyboard in Resources */ = {isa = PBXBuildFile; fileRef = 37CC17422739598800C70E9F /* Main.storyboard */; };
		37CC17462739598800C70E9F /* Assets.xcassets in Resources */ = {isa = PBXBuildFile; fileRef = 37CC17452739598800C70E9F /* Assets.xcassets */; };
		37CC17492739598800C70E9F /* LaunchScreen.storyboard in Resources */ = {isa = PBXBuildFile; fileRef = 37CC17472739598800C70E9F /* LaunchScreen.storyboard */; };
		37CC17542739598800C70E9F /* FridgeManagerTests.swift in Sources */ = {isa = PBXBuildFile; fileRef = 37CC17532739598800C70E9F /* FridgeManagerTests.swift */; };
		37CC175E2739598800C70E9F /* RecipleaseUITests.swift in Sources */ = {isa = PBXBuildFile; fileRef = 37CC175D2739598800C70E9F /* RecipleaseUITests.swift */; };
		37CC17602739598800C70E9F /* RecipleaseUITestsLaunchTests.swift in Sources */ = {isa = PBXBuildFile; fileRef = 37CC175F2739598800C70E9F /* RecipleaseUITestsLaunchTests.swift */; };
		37CC176D2739618F00C70E9F /* SegueIdentifier.swift in Sources */ = {isa = PBXBuildFile; fileRef = 37CC176C2739618F00C70E9F /* SegueIdentifier.swift */; };
		37CC17702739629700C70E9F /* RecipeListViewController.swift in Sources */ = {isa = PBXBuildFile; fileRef = 37CC176F2739629700C70E9F /* RecipeListViewController.swift */; };
		37CC1772273962CE00C70E9F /* RecipeDetailsViewController.swift in Sources */ = {isa = PBXBuildFile; fileRef = 37CC1771273962CE00C70E9F /* RecipeDetailsViewController.swift */; };
		37CC17752739649300C70E9F /* FridgeViewController.swift in Sources */ = {isa = PBXBuildFile; fileRef = 37CC17742739649300C70E9F /* FridgeViewController.swift */; };
		37CC17782739724400C70E9F /* FridgeManager.swift in Sources */ = {isa = PBXBuildFile; fileRef = 37CC17772739724400C70E9F /* FridgeManager.swift */; };
		37CC177A27397A9A00C70E9F /* CellIdentifier.swift in Sources */ = {isa = PBXBuildFile; fileRef = 37CC177927397A9A00C70E9F /* CellIdentifier.swift */; };
		37CC177C27397B0D00C70E9F /* FridgeIngredientTableViewCell.swift in Sources */ = {isa = PBXBuildFile; fileRef = 37CC177B27397B0D00C70E9F /* FridgeIngredientTableViewCell.swift */; };
/* End PBXBuildFile section */

/* Begin PBXContainerItemProxy section */
		37CC17502739598800C70E9F /* PBXContainerItemProxy */ = {
			isa = PBXContainerItemProxy;
			containerPortal = 37CC17312739598700C70E9F /* Project object */;
			proxyType = 1;
			remoteGlobalIDString = 37CC17382739598700C70E9F;
			remoteInfo = Reciplease;
		};
		37CC175A2739598800C70E9F /* PBXContainerItemProxy */ = {
			isa = PBXContainerItemProxy;
			containerPortal = 37CC17312739598700C70E9F /* Project object */;
			proxyType = 1;
			remoteGlobalIDString = 37CC17382739598700C70E9F;
			remoteInfo = Reciplease;
		};
/* End PBXContainerItemProxy section */

/* Begin PBXFileReference section */
		371D6B942744EDBD00C2EA67 /* RecipeListTableViewCell.swift */ = {isa = PBXFileReference; lastKnownFileType = sourcecode.swift; path = RecipeListTableViewCell.swift; sourceTree = "<group>"; };
		371D6B962744F96600C2EA67 /* FontManager.swift */ = {isa = PBXFileReference; lastKnownFileType = sourcecode.swift; path = FontManager.swift; sourceTree = "<group>"; };
		3741A87F2746047A00AA6EC2 /* Recipe.swift */ = {isa = PBXFileReference; lastKnownFileType = sourcecode.swift; path = Recipe.swift; sourceTree = "<group>"; };
		3741A881274607FE00AA6EC2 /* ColorManager.swift */ = {isa = PBXFileReference; lastKnownFileType = sourcecode.swift; path = ColorManager.swift; sourceTree = "<group>"; };
		37CC17392739598700C70E9F /* Reciplease.app */ = {isa = PBXFileReference; explicitFileType = wrapper.application; includeInIndex = 0; path = Reciplease.app; sourceTree = BUILT_PRODUCTS_DIR; };
		37CC173C2739598700C70E9F /* AppDelegate.swift */ = {isa = PBXFileReference; lastKnownFileType = sourcecode.swift; path = AppDelegate.swift; sourceTree = "<group>"; };
		37CC173E2739598800C70E9F /* SceneDelegate.swift */ = {isa = PBXFileReference; lastKnownFileType = sourcecode.swift; path = SceneDelegate.swift; sourceTree = "<group>"; };
		37CC17432739598800C70E9F /* Base */ = {isa = PBXFileReference; lastKnownFileType = file.storyboard; name = Base; path = Base.lproj/Main.storyboard; sourceTree = "<group>"; };
		37CC17452739598800C70E9F /* Assets.xcassets */ = {isa = PBXFileReference; lastKnownFileType = folder.assetcatalog; path = Assets.xcassets; sourceTree = "<group>"; };
		37CC17482739598800C70E9F /* Base */ = {isa = PBXFileReference; lastKnownFileType = file.storyboard; name = Base; path = Base.lproj/LaunchScreen.storyboard; sourceTree = "<group>"; };
		37CC174A2739598800C70E9F /* Info.plist */ = {isa = PBXFileReference; lastKnownFileType = text.plist.xml; path = Info.plist; sourceTree = "<group>"; };
		37CC174F2739598800C70E9F /* RecipleaseTests.xctest */ = {isa = PBXFileReference; explicitFileType = wrapper.cfbundle; includeInIndex = 0; path = RecipleaseTests.xctest; sourceTree = BUILT_PRODUCTS_DIR; };
		37CC17532739598800C70E9F /* FridgeManagerTests.swift */ = {isa = PBXFileReference; lastKnownFileType = sourcecode.swift; path = FridgeManagerTests.swift; sourceTree = "<group>"; };
		37CC17592739598800C70E9F /* RecipleaseUITests.xctest */ = {isa = PBXFileReference; explicitFileType = wrapper.cfbundle; includeInIndex = 0; path = RecipleaseUITests.xctest; sourceTree = BUILT_PRODUCTS_DIR; };
		37CC175D2739598800C70E9F /* RecipleaseUITests.swift */ = {isa = PBXFileReference; lastKnownFileType = sourcecode.swift; path = RecipleaseUITests.swift; sourceTree = "<group>"; };
		37CC175F2739598800C70E9F /* RecipleaseUITestsLaunchTests.swift */ = {isa = PBXFileReference; lastKnownFileType = sourcecode.swift; path = RecipleaseUITestsLaunchTests.swift; sourceTree = "<group>"; };
		37CC176C2739618F00C70E9F /* SegueIdentifier.swift */ = {isa = PBXFileReference; lastKnownFileType = sourcecode.swift; path = SegueIdentifier.swift; sourceTree = "<group>"; };
		37CC176F2739629700C70E9F /* RecipeListViewController.swift */ = {isa = PBXFileReference; lastKnownFileType = sourcecode.swift; path = RecipeListViewController.swift; sourceTree = "<group>"; };
		37CC1771273962CE00C70E9F /* RecipeDetailsViewController.swift */ = {isa = PBXFileReference; lastKnownFileType = sourcecode.swift; path = RecipeDetailsViewController.swift; sourceTree = "<group>"; };
		37CC17742739649300C70E9F /* FridgeViewController.swift */ = {isa = PBXFileReference; lastKnownFileType = sourcecode.swift; path = FridgeViewController.swift; sourceTree = "<group>"; };
		37CC17772739724400C70E9F /* FridgeManager.swift */ = {isa = PBXFileReference; lastKnownFileType = sourcecode.swift; path = FridgeManager.swift; sourceTree = "<group>"; };
		37CC177927397A9A00C70E9F /* CellIdentifier.swift */ = {isa = PBXFileReference; lastKnownFileType = sourcecode.swift; path = CellIdentifier.swift; sourceTree = "<group>"; };
		37CC177B27397B0D00C70E9F /* FridgeIngredientTableViewCell.swift */ = {isa = PBXFileReference; lastKnownFileType = sourcecode.swift; path = FridgeIngredientTableViewCell.swift; sourceTree = "<group>"; };
/* End PBXFileReference section */

/* Begin PBXFrameworksBuildPhase section */
		37CC17362739598700C70E9F /* Frameworks */ = {
			isa = PBXFrameworksBuildPhase;
			buildActionMask = 2147483647;
			files = (
			);
			runOnlyForDeploymentPostprocessing = 0;
		};
		37CC174C2739598800C70E9F /* Frameworks */ = {
			isa = PBXFrameworksBuildPhase;
			buildActionMask = 2147483647;
			files = (
			);
			runOnlyForDeploymentPostprocessing = 0;
		};
		37CC17562739598800C70E9F /* Frameworks */ = {
			isa = PBXFrameworksBuildPhase;
			buildActionMask = 2147483647;
			files = (
			);
			runOnlyForDeploymentPostprocessing = 0;
		};
/* End PBXFrameworksBuildPhase section */

/* Begin PBXGroup section */
		37CC17302739598700C70E9F = {
			isa = PBXGroup;
			children = (
				37CC173B2739598700C70E9F /* Reciplease */,
				37CC17522739598800C70E9F /* RecipleaseTests */,
				37CC175C2739598800C70E9F /* RecipleaseUITests */,
				37CC173A2739598700C70E9F /* Products */,
			);
			sourceTree = "<group>";
		};
		37CC173A2739598700C70E9F /* Products */ = {
			isa = PBXGroup;
			children = (
				37CC17392739598700C70E9F /* Reciplease.app */,
				37CC174F2739598800C70E9F /* RecipleaseTests.xctest */,
				37CC17592739598800C70E9F /* RecipleaseUITests.xctest */,
			);
			name = Products;
			sourceTree = "<group>";
		};
		37CC173B2739598700C70E9F /* Reciplease */ = {
			isa = PBXGroup;
			children = (
				37CC17762739723400C70E9F /* Model */,
				37CC17BD273C0BE600C70E9F /* Views */,
				37CC176E2739627800C70E9F /* Controller */,
				37CC177B27397B0D00C70E9F /* FridgeIngredientTableViewCell.swift */,
				371D6B942744EDBD00C2EA67 /* RecipeListTableViewCell.swift */,
				37CC17BC273C0BA500C70E9F /* Identifiers */,
				37CC17BB273C0B8200C70E9F /* System */,
			);
			path = Reciplease;
			sourceTree = "<group>";
		};
		37CC17522739598800C70E9F /* RecipleaseTests */ = {
			isa = PBXGroup;
			children = (
				37CC17532739598800C70E9F /* FridgeManagerTests.swift */,
			);
			path = RecipleaseTests;
			sourceTree = "<group>";
		};
		37CC175C2739598800C70E9F /* RecipleaseUITests */ = {
			isa = PBXGroup;
			children = (
				37CC175D2739598800C70E9F /* RecipleaseUITests.swift */,
				37CC175F2739598800C70E9F /* RecipleaseUITestsLaunchTests.swift */,
			);
			path = RecipleaseUITests;
			sourceTree = "<group>";
		};
		37CC176E2739627800C70E9F /* Controller */ = {
			isa = PBXGroup;
			children = (
				37CC176F2739629700C70E9F /* RecipeListViewController.swift */,
				37CC1771273962CE00C70E9F /* RecipeDetailsViewController.swift */,
				37CC17742739649300C70E9F /* FridgeViewController.swift */,
			);
			path = Controller;
			sourceTree = "<group>";
		};
		37CC17762739723400C70E9F /* Model */ = {
			isa = PBXGroup;
			children = (
				371D6B962744F96600C2EA67 /* FontManager.swift */,
				37CC17772739724400C70E9F /* FridgeManager.swift */,
				3741A87F2746047A00AA6EC2 /* Recipe.swift */,
				3741A881274607FE00AA6EC2 /* ColorManager.swift */,
			);
			path = Model;
			sourceTree = "<group>";
		};
		37CC17BB273C0B8200C70E9F /* System */ = {
			isa = PBXGroup;
			children = (
				37CC173C2739598700C70E9F /* AppDelegate.swift */,
				37CC173E2739598800C70E9F /* SceneDelegate.swift */,
				37CC17452739598800C70E9F /* Assets.xcassets */,
				37CC174A2739598800C70E9F /* Info.plist */,
			);
			path = System;
			sourceTree = "<group>";
		};
		37CC17BC273C0BA500C70E9F /* Identifiers */ = {
			isa = PBXGroup;
			children = (
				37CC176C2739618F00C70E9F /* SegueIdentifier.swift */,
				37CC177927397A9A00C70E9F /* CellIdentifier.swift */,
			);
			path = Identifiers;
			sourceTree = "<group>";
		};
		37CC17BD273C0BE600C70E9F /* Views */ = {
			isa = PBXGroup;
			children = (
				37CC17422739598800C70E9F /* Main.storyboard */,
				37CC17472739598800C70E9F /* LaunchScreen.storyboard */,
			);
			path = Views;
			sourceTree = "<group>";
		};
/* End PBXGroup section */

/* Begin PBXNativeTarget section */
		37CC17382739598700C70E9F /* Reciplease */ = {
			isa = PBXNativeTarget;
			buildConfigurationList = 37CC17632739598800C70E9F /* Build configuration list for PBXNativeTarget "Reciplease" */;
			buildPhases = (
				37CC17352739598700C70E9F /* Sources */,
				37CC17362739598700C70E9F /* Frameworks */,
				37CC17372739598700C70E9F /* Resources */,
			);
			buildRules = (
			);
			dependencies = (
			);
			name = Reciplease;
			productName = Reciplease;
			productReference = 37CC17392739598700C70E9F /* Reciplease.app */;
			productType = "com.apple.product-type.application";
		};
		37CC174E2739598800C70E9F /* RecipleaseTests */ = {
			isa = PBXNativeTarget;
			buildConfigurationList = 37CC17662739598800C70E9F /* Build configuration list for PBXNativeTarget "RecipleaseTests" */;
			buildPhases = (
				37CC174B2739598800C70E9F /* Sources */,
				37CC174C2739598800C70E9F /* Frameworks */,
				37CC174D2739598800C70E9F /* Resources */,
			);
			buildRules = (
			);
			dependencies = (
				37CC17512739598800C70E9F /* PBXTargetDependency */,
			);
			name = RecipleaseTests;
			productName = RecipleaseTests;
			productReference = 37CC174F2739598800C70E9F /* RecipleaseTests.xctest */;
			productType = "com.apple.product-type.bundle.unit-test";
		};
		37CC17582739598800C70E9F /* RecipleaseUITests */ = {
			isa = PBXNativeTarget;
			buildConfigurationList = 37CC17692739598800C70E9F /* Build configuration list for PBXNativeTarget "RecipleaseUITests" */;
			buildPhases = (
				37CC17552739598800C70E9F /* Sources */,
				37CC17562739598800C70E9F /* Frameworks */,
				37CC17572739598800C70E9F /* Resources */,
			);
			buildRules = (
			);
			dependencies = (
				37CC175B2739598800C70E9F /* PBXTargetDependency */,
			);
			name = RecipleaseUITests;
			productName = RecipleaseUITests;
			productReference = 37CC17592739598800C70E9F /* RecipleaseUITests.xctest */;
			productType = "com.apple.product-type.bundle.ui-testing";
		};
/* End PBXNativeTarget section */

/* Begin PBXProject section */
		37CC17312739598700C70E9F /* Project object */ = {
			isa = PBXProject;
			attributes = {
				BuildIndependentTargetsInParallel = 1;
				LastSwiftUpdateCheck = 1310;
				LastUpgradeCheck = 1310;
				TargetAttributes = {
					37CC17382739598700C70E9F = {
						CreatedOnToolsVersion = 13.1;
					};
					37CC174E2739598800C70E9F = {
						CreatedOnToolsVersion = 13.1;
						TestTargetID = 37CC17382739598700C70E9F;
					};
					37CC17582739598800C70E9F = {
						CreatedOnToolsVersion = 13.1;
						TestTargetID = 37CC17382739598700C70E9F;
					};
				};
			};
			buildConfigurationList = 37CC17342739598700C70E9F /* Build configuration list for PBXProject "Reciplease" */;
			compatibilityVersion = "Xcode 13.0";
			developmentRegion = en;
			hasScannedForEncodings = 0;
			knownRegions = (
				en,
				Base,
			);
			mainGroup = 37CC17302739598700C70E9F;
			productRefGroup = 37CC173A2739598700C70E9F /* Products */;
			projectDirPath = "";
			projectRoot = "";
			targets = (
				37CC17382739598700C70E9F /* Reciplease */,
				37CC174E2739598800C70E9F /* RecipleaseTests */,
				37CC17582739598800C70E9F /* RecipleaseUITests */,
			);
		};
/* End PBXProject section */

/* Begin PBXResourcesBuildPhase section */
		37CC17372739598700C70E9F /* Resources */ = {
			isa = PBXResourcesBuildPhase;
			buildActionMask = 2147483647;
			files = (
				37CC17492739598800C70E9F /* LaunchScreen.storyboard in Resources */,
				37CC17462739598800C70E9F /* Assets.xcassets in Resources */,
				37CC17442739598800C70E9F /* Main.storyboard in Resources */,
			);
			runOnlyForDeploymentPostprocessing = 0;
		};
		37CC174D2739598800C70E9F /* Resources */ = {
			isa = PBXResourcesBuildPhase;
			buildActionMask = 2147483647;
			files = (
			);
			runOnlyForDeploymentPostprocessing = 0;
		};
		37CC17572739598800C70E9F /* Resources */ = {
			isa = PBXResourcesBuildPhase;
			buildActionMask = 2147483647;
			files = (
			);
			runOnlyForDeploymentPostprocessing = 0;
		};
/* End PBXResourcesBuildPhase section */

/* Begin PBXSourcesBuildPhase section */
		37CC17352739598700C70E9F /* Sources */ = {
			isa = PBXSourcesBuildPhase;
			buildActionMask = 2147483647;
			files = (
				37CC17702739629700C70E9F /* RecipeListViewController.swift in Sources */,
				371D6B972744F96600C2EA67 /* FontManager.swift in Sources */,
				371D6B952744EDBD00C2EA67 /* RecipeListTableViewCell.swift in Sources */,
				37CC1772273962CE00C70E9F /* RecipeDetailsViewController.swift in Sources */,
				37CC177A27397A9A00C70E9F /* CellIdentifier.swift in Sources */,
				37CC176D2739618F00C70E9F /* SegueIdentifier.swift in Sources */,
				37CC177C27397B0D00C70E9F /* FridgeIngredientTableViewCell.swift in Sources */,
				3741A882274607FE00AA6EC2 /* ColorManager.swift in Sources */,
				37CC17782739724400C70E9F /* FridgeManager.swift in Sources */,
				37CC173D2739598700C70E9F /* AppDelegate.swift in Sources */,
				3741A8802746047A00AA6EC2 /* Recipe.swift in Sources */,
				37CC173F2739598800C70E9F /* SceneDelegate.swift in Sources */,
				37CC17752739649300C70E9F /* FridgeViewController.swift in Sources */,
			);
			runOnlyForDeploymentPostprocessing = 0;
		};
		37CC174B2739598800C70E9F /* Sources */ = {
			isa = PBXSourcesBuildPhase;
			buildActionMask = 2147483647;
			files = (
				37CC17542739598800C70E9F /* FridgeManagerTests.swift in Sources */,
			);
			runOnlyForDeploymentPostprocessing = 0;
		};
		37CC17552739598800C70E9F /* Sources */ = {
			isa = PBXSourcesBuildPhase;
			buildActionMask = 2147483647;
			files = (
				37CC175E2739598800C70E9F /* RecipleaseUITests.swift in Sources */,
				37CC17602739598800C70E9F /* RecipleaseUITestsLaunchTests.swift in Sources */,
			);
			runOnlyForDeploymentPostprocessing = 0;
		};
/* End PBXSourcesBuildPhase section */

/* Begin PBXTargetDependency section */
		37CC17512739598800C70E9F /* PBXTargetDependency */ = {
			isa = PBXTargetDependency;
			target = 37CC17382739598700C70E9F /* Reciplease */;
			targetProxy = 37CC17502739598800C70E9F /* PBXContainerItemProxy */;
		};
		37CC175B2739598800C70E9F /* PBXTargetDependency */ = {
			isa = PBXTargetDependency;
			target = 37CC17382739598700C70E9F /* Reciplease */;
			targetProxy = 37CC175A2739598800C70E9F /* PBXContainerItemProxy */;
		};
/* End PBXTargetDependency section */

/* Begin PBXVariantGroup section */
		37CC17422739598800C70E9F /* Main.storyboard */ = {
			isa = PBXVariantGroup;
			children = (
				37CC17432739598800C70E9F /* Base */,
			);
			name = Main.storyboard;
			sourceTree = "<group>";
		};
		37CC17472739598800C70E9F /* LaunchScreen.storyboard */ = {
			isa = PBXVariantGroup;
			children = (
				37CC17482739598800C70E9F /* Base */,
			);
			name = LaunchScreen.storyboard;
			sourceTree = "<group>";
		};
/* End PBXVariantGroup section */

/* Begin XCBuildConfiguration section */
		37CC17612739598800C70E9F /* Debug */ = {
			isa = XCBuildConfiguration;
			buildSettings = {
				ALWAYS_SEARCH_USER_PATHS = NO;
				CLANG_ANALYZER_NONNULL = YES;
				CLANG_ANALYZER_NUMBER_OBJECT_CONVERSION = YES_AGGRESSIVE;
				CLANG_CXX_LANGUAGE_STANDARD = "gnu++17";
				CLANG_CXX_LIBRARY = "libc++";
				CLANG_ENABLE_MODULES = YES;
				CLANG_ENABLE_OBJC_ARC = YES;
				CLANG_ENABLE_OBJC_WEAK = YES;
				CLANG_WARN_BLOCK_CAPTURE_AUTORELEASING = YES;
				CLANG_WARN_BOOL_CONVERSION = YES;
				CLANG_WARN_COMMA = YES;
				CLANG_WARN_CONSTANT_CONVERSION = YES;
				CLANG_WARN_DEPRECATED_OBJC_IMPLEMENTATIONS = YES;
				CLANG_WARN_DIRECT_OBJC_ISA_USAGE = YES_ERROR;
				CLANG_WARN_DOCUMENTATION_COMMENTS = YES;
				CLANG_WARN_EMPTY_BODY = YES;
				CLANG_WARN_ENUM_CONVERSION = YES;
				CLANG_WARN_INFINITE_RECURSION = YES;
				CLANG_WARN_INT_CONVERSION = YES;
				CLANG_WARN_NON_LITERAL_NULL_CONVERSION = YES;
				CLANG_WARN_OBJC_IMPLICIT_RETAIN_SELF = YES;
				CLANG_WARN_OBJC_LITERAL_CONVERSION = YES;
				CLANG_WARN_OBJC_ROOT_CLASS = YES_ERROR;
				CLANG_WARN_QUOTED_INCLUDE_IN_FRAMEWORK_HEADER = YES;
				CLANG_WARN_RANGE_LOOP_ANALYSIS = YES;
				CLANG_WARN_STRICT_PROTOTYPES = YES;
				CLANG_WARN_SUSPICIOUS_MOVE = YES;
				CLANG_WARN_UNGUARDED_AVAILABILITY = YES_AGGRESSIVE;
				CLANG_WARN_UNREACHABLE_CODE = YES;
				CLANG_WARN__DUPLICATE_METHOD_MATCH = YES;
				COPY_PHASE_STRIP = NO;
				DEBUG_INFORMATION_FORMAT = dwarf;
				ENABLE_STRICT_OBJC_MSGSEND = YES;
				ENABLE_TESTABILITY = YES;
				GCC_C_LANGUAGE_STANDARD = gnu11;
				GCC_DYNAMIC_NO_PIC = NO;
				GCC_NO_COMMON_BLOCKS = YES;
				GCC_OPTIMIZATION_LEVEL = 0;
				GCC_PREPROCESSOR_DEFINITIONS = (
					"DEBUG=1",
					"$(inherited)",
				);
				GCC_WARN_64_TO_32_BIT_CONVERSION = YES;
				GCC_WARN_ABOUT_RETURN_TYPE = YES_ERROR;
				GCC_WARN_UNDECLARED_SELECTOR = YES;
				GCC_WARN_UNINITIALIZED_AUTOS = YES_AGGRESSIVE;
				GCC_WARN_UNUSED_FUNCTION = YES;
				GCC_WARN_UNUSED_VARIABLE = YES;
				IPHONEOS_DEPLOYMENT_TARGET = 15.0;
				MTL_ENABLE_DEBUG_INFO = INCLUDE_SOURCE;
				MTL_FAST_MATH = YES;
				ONLY_ACTIVE_ARCH = YES;
				SDKROOT = iphoneos;
				SWIFT_ACTIVE_COMPILATION_CONDITIONS = DEBUG;
				SWIFT_OPTIMIZATION_LEVEL = "-Onone";
			};
			name = Debug;
		};
		37CC17622739598800C70E9F /* Release */ = {
			isa = XCBuildConfiguration;
			buildSettings = {
				ALWAYS_SEARCH_USER_PATHS = NO;
				CLANG_ANALYZER_NONNULL = YES;
				CLANG_ANALYZER_NUMBER_OBJECT_CONVERSION = YES_AGGRESSIVE;
				CLANG_CXX_LANGUAGE_STANDARD = "gnu++17";
				CLANG_CXX_LIBRARY = "libc++";
				CLANG_ENABLE_MODULES = YES;
				CLANG_ENABLE_OBJC_ARC = YES;
				CLANG_ENABLE_OBJC_WEAK = YES;
				CLANG_WARN_BLOCK_CAPTURE_AUTORELEASING = YES;
				CLANG_WARN_BOOL_CONVERSION = YES;
				CLANG_WARN_COMMA = YES;
				CLANG_WARN_CONSTANT_CONVERSION = YES;
				CLANG_WARN_DEPRECATED_OBJC_IMPLEMENTATIONS = YES;
				CLANG_WARN_DIRECT_OBJC_ISA_USAGE = YES_ERROR;
				CLANG_WARN_DOCUMENTATION_COMMENTS = YES;
				CLANG_WARN_EMPTY_BODY = YES;
				CLANG_WARN_ENUM_CONVERSION = YES;
				CLANG_WARN_INFINITE_RECURSION = YES;
				CLANG_WARN_INT_CONVERSION = YES;
				CLANG_WARN_NON_LITERAL_NULL_CONVERSION = YES;
				CLANG_WARN_OBJC_IMPLICIT_RETAIN_SELF = YES;
				CLANG_WARN_OBJC_LITERAL_CONVERSION = YES;
				CLANG_WARN_OBJC_ROOT_CLASS = YES_ERROR;
				CLANG_WARN_QUOTED_INCLUDE_IN_FRAMEWORK_HEADER = YES;
				CLANG_WARN_RANGE_LOOP_ANALYSIS = YES;
				CLANG_WARN_STRICT_PROTOTYPES = YES;
				CLANG_WARN_SUSPICIOUS_MOVE = YES;
				CLANG_WARN_UNGUARDED_AVAILABILITY = YES_AGGRESSIVE;
				CLANG_WARN_UNREACHABLE_CODE = YES;
				CLANG_WARN__DUPLICATE_METHOD_MATCH = YES;
				COPY_PHASE_STRIP = NO;
				DEBUG_INFORMATION_FORMAT = "dwarf-with-dsym";
				ENABLE_NS_ASSERTIONS = NO;
				ENABLE_STRICT_OBJC_MSGSEND = YES;
				GCC_C_LANGUAGE_STANDARD = gnu11;
				GCC_NO_COMMON_BLOCKS = YES;
				GCC_WARN_64_TO_32_BIT_CONVERSION = YES;
				GCC_WARN_ABOUT_RETURN_TYPE = YES_ERROR;
				GCC_WARN_UNDECLARED_SELECTOR = YES;
				GCC_WARN_UNINITIALIZED_AUTOS = YES_AGGRESSIVE;
				GCC_WARN_UNUSED_FUNCTION = YES;
				GCC_WARN_UNUSED_VARIABLE = YES;
				IPHONEOS_DEPLOYMENT_TARGET = 15.0;
				MTL_ENABLE_DEBUG_INFO = NO;
				MTL_FAST_MATH = YES;
				SDKROOT = iphoneos;
				SWIFT_COMPILATION_MODE = wholemodule;
				SWIFT_OPTIMIZATION_LEVEL = "-O";
				VALIDATE_PRODUCT = YES;
			};
			name = Release;
		};
		37CC17642739598800C70E9F /* Debug */ = {
			isa = XCBuildConfiguration;
			buildSettings = {
				ASSETCATALOG_COMPILER_APPICON_NAME = AppIcon;
				ASSETCATALOG_COMPILER_GLOBAL_ACCENT_COLOR_NAME = AccentColor;
				CODE_SIGN_STYLE = Automatic;
				CURRENT_PROJECT_VERSION = 1;
				DEVELOPMENT_TEAM = 7BA6R953VJ;
				GENERATE_INFOPLIST_FILE = YES;
				INFOPLIST_FILE = Reciplease/System/Info.plist;
				INFOPLIST_KEY_UIApplicationSupportsIndirectInputEvents = YES;
				INFOPLIST_KEY_UILaunchStoryboardName = LaunchScreen;
				INFOPLIST_KEY_UIMainStoryboardFile = Main;
				INFOPLIST_KEY_UISupportedInterfaceOrientations_iPad = "UIInterfaceOrientationPortrait UIInterfaceOrientationPortraitUpsideDown UIInterfaceOrientationLandscapeLeft UIInterfaceOrientationLandscapeRight";
				INFOPLIST_KEY_UISupportedInterfaceOrientations_iPhone = "UIInterfaceOrientationPortrait UIInterfaceOrientationLandscapeLeft UIInterfaceOrientationLandscapeRight";
				IPHONEOS_DEPLOYMENT_TARGET = 15.0;
				LD_RUNPATH_SEARCH_PATHS = (
					"$(inherited)",
					"@executable_path/Frameworks",
				);
				MARKETING_VERSION = 1.0;
				PRODUCT_BUNDLE_IDENTIFIER = gregocr.Reciplease;
				PRODUCT_NAME = "$(TARGET_NAME)";
				SWIFT_EMIT_LOC_STRINGS = YES;
				SWIFT_VERSION = 5.0;
				TARGETED_DEVICE_FAMILY = 1;
			};
			name = Debug;
		};
		37CC17652739598800C70E9F /* Release */ = {
			isa = XCBuildConfiguration;
			buildSettings = {
				ASSETCATALOG_COMPILER_APPICON_NAME = AppIcon;
				ASSETCATALOG_COMPILER_GLOBAL_ACCENT_COLOR_NAME = AccentColor;
				CODE_SIGN_STYLE = Automatic;
				CURRENT_PROJECT_VERSION = 1;
				DEVELOPMENT_TEAM = 7BA6R953VJ;
				GENERATE_INFOPLIST_FILE = YES;
				INFOPLIST_FILE = Reciplease/System/Info.plist;
				INFOPLIST_KEY_UIApplicationSupportsIndirectInputEvents = YES;
				INFOPLIST_KEY_UILaunchStoryboardName = LaunchScreen;
				INFOPLIST_KEY_UIMainStoryboardFile = Main;
				INFOPLIST_KEY_UISupportedInterfaceOrientations_iPad = "UIInterfaceOrientationPortrait UIInterfaceOrientationPortraitUpsideDown UIInterfaceOrientationLandscapeLeft UIInterfaceOrientationLandscapeRight";
				INFOPLIST_KEY_UISupportedInterfaceOrientations_iPhone = "UIInterfaceOrientationPortrait UIInterfaceOrientationLandscapeLeft UIInterfaceOrientationLandscapeRight";
				IPHONEOS_DEPLOYMENT_TARGET = 15.0;
				LD_RUNPATH_SEARCH_PATHS = (
					"$(inherited)",
					"@executable_path/Frameworks",
				);
				MARKETING_VERSION = 1.0;
				PRODUCT_BUNDLE_IDENTIFIER = gregocr.Reciplease;
				PRODUCT_NAME = "$(TARGET_NAME)";
				SWIFT_EMIT_LOC_STRINGS = YES;
				SWIFT_VERSION = 5.0;
				TARGETED_DEVICE_FAMILY = 1;
			};
			name = Release;
		};
		37CC17672739598800C70E9F /* Debug */ = {
			isa = XCBuildConfiguration;
			buildSettings = {
				ALWAYS_EMBED_SWIFT_STANDARD_LIBRARIES = YES;
				BUNDLE_LOADER = "$(TEST_HOST)";
				CODE_SIGN_STYLE = Automatic;
				CURRENT_PROJECT_VERSION = 1;
				DEVELOPMENT_TEAM = 7BA6R953VJ;
				GENERATE_INFOPLIST_FILE = YES;
				IPHONEOS_DEPLOYMENT_TARGET = 15.0;
				LD_RUNPATH_SEARCH_PATHS = (
					"$(inherited)",
					"@executable_path/Frameworks",
					"@loader_path/Frameworks",
				);
				MARKETING_VERSION = 1.0;
				PRODUCT_BUNDLE_IDENTIFIER = gregocr.RecipleaseTests;
				PRODUCT_NAME = "$(TARGET_NAME)";
				SWIFT_EMIT_LOC_STRINGS = NO;
				SWIFT_VERSION = 5.0;
				TARGETED_DEVICE_FAMILY = "1,2";
				TEST_HOST = "$(BUILT_PRODUCTS_DIR)/Reciplease.app/Reciplease";
			};
			name = Debug;
		};
		37CC17682739598800C70E9F /* Release */ = {
			isa = XCBuildConfiguration;
			buildSettings = {
				ALWAYS_EMBED_SWIFT_STANDARD_LIBRARIES = YES;
				BUNDLE_LOADER = "$(TEST_HOST)";
				CODE_SIGN_STYLE = Automatic;
				CURRENT_PROJECT_VERSION = 1;
				DEVELOPMENT_TEAM = 7BA6R953VJ;
				GENERATE_INFOPLIST_FILE = YES;
				IPHONEOS_DEPLOYMENT_TARGET = 15.0;
				LD_RUNPATH_SEARCH_PATHS = (
					"$(inherited)",
					"@executable_path/Frameworks",
					"@loader_path/Frameworks",
				);
				MARKETING_VERSION = 1.0;
				PRODUCT_BUNDLE_IDENTIFIER = gregocr.RecipleaseTests;
				PRODUCT_NAME = "$(TARGET_NAME)";
				SWIFT_EMIT_LOC_STRINGS = NO;
				SWIFT_VERSION = 5.0;
				TARGETED_DEVICE_FAMILY = "1,2";
				TEST_HOST = "$(BUILT_PRODUCTS_DIR)/Reciplease.app/Reciplease";
			};
			name = Release;
		};
		37CC176A2739598800C70E9F /* Debug */ = {
			isa = XCBuildConfiguration;
			buildSettings = {
				ALWAYS_EMBED_SWIFT_STANDARD_LIBRARIES = YES;
				CODE_SIGN_STYLE = Automatic;
				CURRENT_PROJECT_VERSION = 1;
				DEVELOPMENT_TEAM = 7BA6R953VJ;
				GENERATE_INFOPLIST_FILE = YES;
				LD_RUNPATH_SEARCH_PATHS = (
					"$(inherited)",
					"@executable_path/Frameworks",
					"@loader_path/Frameworks",
				);
				MARKETING_VERSION = 1.0;
				PRODUCT_BUNDLE_IDENTIFIER = gregocr.RecipleaseUITests;
				PRODUCT_NAME = "$(TARGET_NAME)";
				SWIFT_EMIT_LOC_STRINGS = NO;
				SWIFT_VERSION = 5.0;
				TARGETED_DEVICE_FAMILY = "1,2";
				TEST_TARGET_NAME = Reciplease;
			};
			name = Debug;
		};
		37CC176B2739598800C70E9F /* Release */ = {
			isa = XCBuildConfiguration;
			buildSettings = {
				ALWAYS_EMBED_SWIFT_STANDARD_LIBRARIES = YES;
				CODE_SIGN_STYLE = Automatic;
				CURRENT_PROJECT_VERSION = 1;
				DEVELOPMENT_TEAM = 7BA6R953VJ;
				GENERATE_INFOPLIST_FILE = YES;
				LD_RUNPATH_SEARCH_PATHS = (
					"$(inherited)",
					"@executable_path/Frameworks",
					"@loader_path/Frameworks",
				);
				MARKETING_VERSION = 1.0;
				PRODUCT_BUNDLE_IDENTIFIER = gregocr.RecipleaseUITests;
				PRODUCT_NAME = "$(TARGET_NAME)";
				SWIFT_EMIT_LOC_STRINGS = NO;
				SWIFT_VERSION = 5.0;
				TARGETED_DEVICE_FAMILY = "1,2";
				TEST_TARGET_NAME = Reciplease;
			};
			name = Release;
		};
/* End XCBuildConfiguration section */

/* Begin XCConfigurationList section */
		37CC17342739598700C70E9F /* Build configuration list for PBXProject "Reciplease" */ = {
			isa = XCConfigurationList;
			buildConfigurations = (
				37CC17612739598800C70E9F /* Debug */,
				37CC17622739598800C70E9F /* Release */,
			);
			defaultConfigurationIsVisible = 0;
			defaultConfigurationName = Release;
		};
		37CC17632739598800C70E9F /* Build configuration list for PBXNativeTarget "Reciplease" */ = {
			isa = XCConfigurationList;
			buildConfigurations = (
				37CC17642739598800C70E9F /* Debug */,
				37CC17652739598800C70E9F /* Release */,
			);
			defaultConfigurationIsVisible = 0;
			defaultConfigurationName = Release;
		};
		37CC17662739598800C70E9F /* Build configuration list for PBXNativeTarget "RecipleaseTests" */ = {
			isa = XCConfigurationList;
			buildConfigurations = (
				37CC17672739598800C70E9F /* Debug */,
				37CC17682739598800C70E9F /* Release */,
			);
			defaultConfigurationIsVisible = 0;
			defaultConfigurationName = Release;
		};
		37CC17692739598800C70E9F /* Build configuration list for PBXNativeTarget "RecipleaseUITests" */ = {
			isa = XCConfigurationList;
			buildConfigurations = (
				37CC176A2739598800C70E9F /* Debug */,
				37CC176B2739598800C70E9F /* Release */,
			);
			defaultConfigurationIsVisible = 0;
			defaultConfigurationName = Release;
		};
/* End XCConfigurationList section */
	};
	rootObject = 37CC17312739598700C70E9F /* Project object */;
}
